// !$*UTF8*$!
{
	archiveVersion = 1;
	classes = {
	};
	objectVersion = 46;
	objects = {

/* Begin PBXBuildFile section */
		C240300A1C33AFF900FC15DD /* main.m in Sources */ = {isa = PBXBuildFile; fileRef = C24030091C33AFF900FC15DD /* main.m */; };
		C240300D1C33AFF900FC15DD /* AppDelegate.m in Sources */ = {isa = PBXBuildFile; fileRef = C240300C1C33AFF900FC15DD /* AppDelegate.m */; };
		C24030101C33AFF900FC15DD /* ViewController.m in Sources */ = {isa = PBXBuildFile; fileRef = C240300F1C33AFF900FC15DD /* ViewController.m */; };
		C24030131C33AFF900FC15DD /* Main.storyboard in Resources */ = {isa = PBXBuildFile; fileRef = C24030111C33AFF900FC15DD /* Main.storyboard */; };
		C24030151C33AFF900FC15DD /* Assets.xcassets in Resources */ = {isa = PBXBuildFile; fileRef = C24030141C33AFF900FC15DD /* Assets.xcassets */; };
		C24030181C33AFF900FC15DD /* LaunchScreen.storyboard in Resources */ = {isa = PBXBuildFile; fileRef = C24030161C33AFF900FC15DD /* LaunchScreen.storyboard */; };
/* End PBXBuildFile section */

/* Begin PBXFileReference section */
		C24030051C33AFF900FC15DD /* NSURLCacheProject.app */ = {isa = PBXFileReference; explicitFileType = wrapper.application; includeInIndex = 0; path = NSURLCacheProject.app; sourceTree = BUILT_PRODUCTS_DIR; };
		C24030091C33AFF900FC15DD /* main.m */ = {isa = PBXFileReference; lastKnownFileType = sourcecode.c.objc; path = main.m; sourceTree = "<group>"; };
		C240300B1C33AFF900FC15DD /* AppDelegate.h */ = {isa = PBXFileReference; lastKnownFileType = sourcecode.c.h; path = AppDelegate.h; sourceTree = "<group>"; };
		C240300C1C33AFF900FC15DD /* AppDelegate.m */ = {isa = PBXFileReference; lastKnownFileType = sourcecode.c.objc; path = AppDelegate.m; sourceTree = "<group>"; };
		C240300E1C33AFF900FC15DD /* ViewController.h */ = {isa = PBXFileReference; lastKnownFileType = sourcecode.c.h; path = ViewController.h; sourceTree = "<group>"; };
		C240300F1C33AFF900FC15DD /* ViewController.m */ = {isa = PBXFileReference; lastKnownFileType = sourcecode.c.objc; path = ViewController.m; sourceTree = "<group>"; };
		C24030121C33AFF900FC15DD /* Base */ = {isa = PBXFileReference; lastKnownFileType = file.storyboard; name = Base; path = Base.lproj/Main.storyboard; sourceTree = "<group>"; };
		C24030141C33AFF900FC15DD /* Assets.xcassets */ = {isa = PBXFileReference; lastKnownFileType = folder.assetcatalog; path = Assets.xcassets; sourceTree = "<group>"; };
		C24030171C33AFF900FC15DD /* Base */ = {isa = PBXFileReference; lastKnownFileType = file.storyboard; name = Base; path = Base.lproj/LaunchScreen.storyboard; sourceTree = "<group>"; };
		C24030191C33AFF900FC15DD /* Info.plist */ = {isa = PBXFileReference; lastKnownFileType = text.plist.xml; path = Info.plist; sourceTree = "<group>"; };
/* End PBXFileReference section */

/* Begin PBXFrameworksBuildPhase section */
		C24030021C33AFF900FC15DD /* Frameworks */ = {
			isa = PBXFrameworksBuildPhase;
			buildActionMask = 2147483647;
			files = (
			);
			runOnlyForDeploymentPostprocessing = 0;
		};
/* End PBXFrameworksBuildPhase section */

/* Begin PBXGroup section */
		C2402FFC1C33AFF900FC15DD = {
			isa = PBXGroup;
			children = (
				C24030071C33AFF900FC15DD /* NSURLCacheProject */,
				C24030061C33AFF900FC15DD /* Products */,
			);
			sourceTree = "<group>";
		};
		C24030061C33AFF900FC15DD /* Products */ = {
			isa = PBXGroup;
			children = (
				C24030051C33AFF900FC15DD /* NSURLCacheProject.app */,
			);
			name = Products;
			sourceTree = "<group>";
		};
		C24030071C33AFF900FC15DD /* NSURLCacheProject */ = {
			isa = PBXGroup;
			children = (
				C240300B1C33AFF900FC15DD /* AppDelegate.h */,
				C240300C1C33AFF900FC15DD /* AppDelegate.m */,
				C240300E1C33AFF900FC15DD /* ViewController.h */,
				C240300F1C33AFF900FC15DD /* ViewController.m */,
				C24030111C33AFF900FC15DD /* Main.storyboard */,
				C24030141C33AFF900FC15DD /* Assets.xcassets */,
				C24030161C33AFF900FC15DD /* LaunchScreen.storyboard */,
				C24030191C33AFF900FC15DD /* Info.plist */,
				C24030081C33AFF900FC15DD /* Supporting Files */,
			);
			path = NSURLCacheProject;
			sourceTree = "<group>";
		};
		C24030081C33AFF900FC15DD /* Supporting Files */ = {
			isa = PBXGroup;
			children = (
				C24030091C33AFF900FC15DD /* main.m */,
			);
			name = "Supporting Files";
			sourceTree = "<group>";
		};
/* End PBXGroup section */

/* Begin PBXNativeTarget section */
		C24030041C33AFF900FC15DD /* NSURLCacheProject */ = {
			isa = PBXNativeTarget;
			buildConfigurationList = C240301C1C33AFF900FC15DD /* Build configuration list for PBXNativeTarget "NSURLCacheProject" */;
			buildPhases = (
				C24030011C33AFF900FC15DD /* Sources */,
				C24030021C33AFF900FC15DD /* Frameworks */,
				C24030031C33AFF900FC15DD /* Resources */,
			);
			buildRules = (
			);
			dependencies = (
			);
			name = NSURLCacheProject;
			productName = NSURLCacheProject;
			productReference = C24030051C33AFF900FC15DD /* NSURLCacheProject.app */;
			productType = "com.apple.product-type.application";
		};
/* End PBXNativeTarget section */

/* Begin PBXProject section */
		C2402FFD1C33AFF900FC15DD /* Project object */ = {
			isa = PBXProject;
			attributes = {
				LastUpgradeCheck = 0700;
				ORGANIZATIONNAME = Yvan;
				TargetAttributes = {
					C24030041C33AFF900FC15DD = {
						CreatedOnToolsVersion = 7.0;
					};
				};
			};
			buildConfigurationList = C24030001C33AFF900FC15DD /* Build configuration list for PBXProject "NSURLCacheProject" */;
			compatibilityVersion = "Xcode 3.2";
			developmentRegion = English;
			hasScannedForEncodings = 0;
			knownRegions = (
				en,
				Base,
			);
			mainGroup = C2402FFC1C33AFF900FC15DD;
			productRefGroup = C24030061C33AFF900FC15DD /* Products */;
			projectDirPath = "";
			projectRoot = "";
			targets = (
				C24030041C33AFF900FC15DD /* NSURLCacheProject */,
			);
		};
/* End PBXProject section */

/* Begin PBXResourcesBuildPhase section */
		C24030031C33AFF900FC15DD /* Resources */ = {
			isa = PBXResourcesBuildPhase;
			buildActionMask = 2147483647;
			files = (
				C24030181C33AFF900FC15DD /* LaunchScreen.storyboard in Resources */,
				C24030151C33AFF900FC15DD /* Assets.xcassets in Resources */,
				C24030131C33AFF900FC15DD /* Main.storyboard in Resources */,
			);
			runOnlyForDeploymentPostprocessing = 0;
		};
/* End PBXResourcesBuildPhase section */

/* Begin PBXSourcesBuildPhase section */
		C24030011C33AFF900FC15DD /* Sources */ = {
			isa = PBXSourcesBuildPhase;
			buildActionMask = 2147483647;
			files = (
				C24030101C33AFF900FC15DD /* ViewController.m in Sources */,
				C240300D1C33AFF900FC15DD /* AppDelegate.m in Sources */,
				C240300A1C33AFF900FC15DD /* main.m in Sources */,
			);
			runOnlyForDeploymentPostprocessing = 0;
		};
/* End PBXSourcesBuildPhase section */

/* Begin PBXVariantGroup section */
		C24030111C33AFF900FC15DD /* Main.storyboard */ = {
			isa = PBXVariantGroup;
			children = (
				C24030121C33AFF900FC15DD /* Base */,
			);
			name = Main.storyboard;
			sourceTree = "<group>";
		};
		C24030161C33AFF900FC15DD /* LaunchScreen.storyboard */ = {
			isa = PBXVariantGroup;
			children = (
				C24030171C33AFF900FC15DD /* Base */,
			);
			name = LaunchScreen.storyboard;
			sourceTree = "<group>";
		};
/* End PBXVariantGroup section */

/* Begin XCBuildConfiguration section */
		C240301A1C33AFF900FC15DD /* Debug */ = {
			isa = XCBuildConfiguration;
			buildSettings = {
				ALWAYS_SEARCH_USER_PATHS = NO;
				CLANG_CXX_LANGUAGE_STANDARD = "gnu++0x";
				CLANG_CXX_LIBRARY = "libc++";
				CLANG_ENABLE_MODULES = YES;
				CLANG_ENABLE_OBJC_ARC = YES;
				CLANG_WARN_BOOL_CONVERSION = YES;
				CLANG_WARN_CONSTANT_CONVERSION = YES;
				CLANG_WARN_DIRECT_OBJC_ISA_USAGE = YES_ERROR;
				CLANG_WARN_EMPTY_BODY = YES;
				CLANG_WARN_ENUM_CONVERSION = YES;
				CLANG_WARN_INT_CONVERSION = YES;
				CLANG_WARN_OBJC_ROOT_CLASS = YES_ERROR;
				CLANG_WARN_UNREACHABLE_CODE = YES;
				CLANG_WARN__DUPLICATE_METHOD_MATCH = YES;
				"CODE_SIGN_IDENTITY[sdk=iphoneos*]" = "iPhone Developer";
				COPY_PHASE_STRIP = NO;
				DEBUG_INFORMATION_FORMAT = dwarf;
				ENABLE_STRICT_OBJC_MSGSEND = YES;
				ENABLE_TESTABILITY = YES;
				GCC_C_LANGUAGE_STANDARD = gnu99;
				GCC_DYNAMIC_NO_PIC = NO;
				GCC_NO_COMMON_BLOCKS = YES;
				GCC_OPTIMIZATION_LEVEL = 0;
				GCC_PREPROCESSOR_DEFINITIONS = (
					"DEBUG=1",
					"$(inherited)",
				);
				GCC_WARN_64_TO_32_BIT_CONVERSION = YES;
				GCC_WARN_ABOUT_RETURN_TYPE = YES_ERROR;
				GCC_WARN_UNDECLARED_SELECTOR = YES;
				GCC_WARN_UNINITIALIZED_AUTOS = YES_AGGRESSIVE;
				GCC_WARN_UNUSED_FUNCTION = YES;
				GCC_WARN_UNUSED_VARIABLE = YES;
				IPHONEOS_DEPLOYMENT_TARGET = 9.0;
				MTL_ENABLE_DEBUG_INFO = YES;
				ONLY_ACTIVE_ARCH = YES;
				SDKROOT = iphoneos;
				TARGETED_DEVICE_FAMILY = "1,2";
			};
			name = Debug;
		};
		C240301B1C33AFF900FC15DD /* Release */ = {
			isa = XCBuildConfiguration;
			buildSettings = {
				ALWAYS_SEARCH_USER_PATHS = NO;
				CLANG_CXX_LANGUAGE_STANDARD = "gnu++0x";
				CLANG_CXX_LIBRARY = "libc++";
				CLANG_ENABLE_MODULES = YES;
				CLANG_ENABLE_OBJC_ARC = YES;
				CLANG_WARN_BOOL_CONVERSION = YES;
				CLANG_WARN_CONSTANT_CONVERSION = YES;
				CLANG_WARN_DIRECT_OBJC_ISA_USAGE = YES_ERROR;
				CLANG_WARN_EMPTY_BODY = YES;
				CLANG_WARN_ENUM_CONVERSION = YES;
				CLANG_WARN_INT_CONVERSION = YES;
				CLANG_WARN_OBJC_ROOT_CLASS = YES_ERROR;
				CLANG_WARN_UNREACHABLE_CODE = YES;
				CLANG_WARN__DUPLICATE_METHOD_MATCH = YES;
				"CODE_SIGN_IDENTITY[sdk=iphoneos*]" = "iPhone Developer";
				COPY_PHASE_STRIP = NO;
				DEBUG_INFORMATION_FORMAT = "dwarf-with-dsym";
				ENABLE_NS_ASSERTIONS = NO;
				ENABLE_STRICT_OBJC_MSGSEND = YES;
				GCC_C_LANGUAGE_STANDARD = gnu99;
				GCC_NO_COMMON_BLOCKS = YES;
				GCC_WARN_64_TO_32_BIT_CONVERSION = YES;
				GCC_WARN_ABOUT_RETURN_TYPE = YES_ERROR;
				GCC_WARN_UNDECLARED_SELECTOR = YES;
				GCC_WARN_UNINITIALIZED_AUTOS = YES_AGGRESSIVE;
				GCC_WARN_UNUSED_FUNCTION = YES;
				GCC_WARN_UNUSED_VARIABLE = YES;
				IPHONEOS_DEPLOYMENT_TARGET = 9.0;
				MTL_ENABLE_DEBUG_INFO = NO;
				SDKROOT = iphoneos;
				TARGETED_DEVICE_FAMILY = "1,2";
				VALIDATE_PRODUCT = YES;
			};
			name = Release;
		};
		C240301D1C33AFF900FC15DD /* Debug */ = {
			isa = XCBuildConfiguration;
			buildSettings = {
				ASSETCATALOG_COMPILER_APPICON_NAME = AppIcon;
				INFOPLIST_FILE = NSURLCacheProject/Info.plist;
				LD_RUNPATH_SEARCH_PATHS = "$(inherited) @executable_path/Frameworks";
				PRODUCT_BUNDLE_IDENTIFIER = Yvan.NSURLCacheProject;
				PRODUCT_NAME = "$(TARGET_NAME)";
			};
			name = Debug;
		};
		C240301E1C33AFF900FC15DD /* Release */ = {
			isa = XCBuildConfiguration;
			buildSettings = {
				ASSETCATALOG_COMPILER_APPICON_NAME = AppIcon;
				INFOPLIST_FILE = NSURLCacheProject/Info.plist;
				LD_RUNPATH_SEARCH_PATHS = "$(inherited) @executable_path/Frameworks";
				PRODUCT_BUNDLE_IDENTIFIER = Yvan.NSURLCacheProject;
				PRODUCT_NAME = "$(TARGET_NAME)";
			};
			name = Release;
		};
/* End XCBuildConfiguration section */

/* Begin XCConfigurationList section */
		C24030001C33AFF900FC15DD /* Build configuration list for PBXProject "NSURLCacheProject" */ = {
			isa = XCConfigurationList;
			buildConfigurations = (
				C240301A1C33AFF900FC15DD /* Debug */,
				C240301B1C33AFF900FC15DD /* Release */,
			);
			defaultConfigurationIsVisible = 0;
			defaultConfigurationName = Release;
		};
		C240301C1C33AFF900FC15DD /* Build configuration list for PBXNativeTarget "NSURLCacheProject" */ = {
			isa = XCConfigurationList;
			buildConfigurations = (
				C240301D1C33AFF900FC15DD /* Debug */,
				C240301E1C33AFF900FC15DD /* Release */,
			);
			defaultConfigurationIsVisible = 0;
		};
/* End XCConfigurationList section */
	};
	rootObject = C2402FFD1C33AFF900FC15DD /* Project object */;
}
